
Microsoft Visual Studio Solution File, Format Version 12.00
# Visual Studio Version 17
VisualStudioVersion = 17.11.35303.130
MinimumVisualStudioVersion = 10.0.40219.1
Project("{FAE04EC0-301F-11D3-BF4B-00C04F79EFBC}") = "Pacman2", "Pacman2\Pacman2.csproj", "{FD577E70-F120-4454-A0EC-32A30FBAE564}"
EndProject
Global
	GlobalSection(SolutionConfigurationPlatforms) = preSolution
		Debug|Any CPU = Debug|Any CPU
		Release|Any CPU = Release|Any CPU
	EndGlobalSection
	GlobalSection(ProjectConfigurationPlatforms) = postSolution
		{FD577E70-F120-4454-A0EC-32A30FBAE564}.Debug|Any CPU.ActiveCfg = Debug|Any CPU
		{FD577E70-F120-4454-A0EC-32A30FBAE564}.Debug|Any CPU.Build.0 = Debug|Any CPU
		{FD577E70-F120-4454-A0EC-32A30FBAE564}.Release|Any CPU.ActiveCfg = Release|Any CPU
		{FD577E70-F120-4454-A0EC-32A30FBAE564}.Release|Any CPU.Build.0 = Release|Any CPU
	EndGlobalSection
	GlobalSection(SolutionProperties) = preSolution
		HideSolutionNode = FALSE
	EndGlobalSection
	GlobalSection(ExtensibilityGlobals) = postSolution
		SolutionGuid = {BE0D4A83-0499-42A9-A06D-7DF57F3F15E6}
	EndGlobalSection
EndGlobal
