
Microsoft Visual Studio Solution File, Format Version 12.00
# Visual Studio Version 17
VisualStudioVersion = 17.3.32825.248
MinimumVisualStudioVersion = 10.0.40219.1
Project("{FAE04EC0-301F-11D3-BF4B-00C04F79EFBC}") = "EjercicioAyudaPorFavor", "EjercicioAyudaPorFavor\EjercicioAyudaPorFavor.csproj", "{588A4734-6B32-4D5F-8D70-8D7F2A40B0E2}"
EndProject
Global
	GlobalSection(SolutionConfigurationPlatforms) = preSolution
		Debug|Any CPU = Debug|Any CPU
		Release|Any CPU = Release|Any CPU
	EndGlobalSection
	GlobalSection(ProjectConfigurationPlatforms) = postSolution
		{588A4734-6B32-4D5F-8D70-8D7F2A40B0E2}.Debug|Any CPU.ActiveCfg = Debug|Any CPU
		{588A4734-6B32-4D5F-8D70-8D7F2A40B0E2}.Debug|Any CPU.Build.0 = Debug|Any CPU
		{588A4734-6B32-4D5F-8D70-8D7F2A40B0E2}.Release|Any CPU.ActiveCfg = Release|Any CPU
		{588A4734-6B32-4D5F-8D70-8D7F2A40B0E2}.Release|Any CPU.Build.0 = Release|Any CPU
	EndGlobalSection
	GlobalSection(SolutionProperties) = preSolution
		HideSolutionNode = FALSE
	EndGlobalSection
	GlobalSection(ExtensibilityGlobals) = postSolution
		SolutionGuid = {6208AFA2-3968-457A-A216-675F7BD1007C}
	EndGlobalSection
EndGlobal
