
Microsoft Visual Studio Solution File, Format Version 12.00
# Visual Studio Version 17
VisualStudioVersion = 17.7.34031.279
MinimumVisualStudioVersion = 10.0.40219.1
Project("{FAE04EC0-301F-11D3-BF4B-00C04F79EFBC}") = "EstudiarExamen", "EstudiarExamen\EstudiarExamen.csproj", "{08D4B5E4-4AB7-4027-AE68-5657FD3A036F}"
EndProject
Global
	GlobalSection(SolutionConfigurationPlatforms) = preSolution
		Debug|Any CPU = Debug|Any CPU
		Release|Any CPU = Release|Any CPU
	EndGlobalSection
	GlobalSection(ProjectConfigurationPlatforms) = postSolution
		{08D4B5E4-4AB7-4027-AE68-5657FD3A036F}.Debug|Any CPU.ActiveCfg = Debug|Any CPU
		{08D4B5E4-4AB7-4027-AE68-5657FD3A036F}.Debug|Any CPU.Build.0 = Debug|Any CPU
		{08D4B5E4-4AB7-4027-AE68-5657FD3A036F}.Release|Any CPU.ActiveCfg = Release|Any CPU
		{08D4B5E4-4AB7-4027-AE68-5657FD3A036F}.Release|Any CPU.Build.0 = Release|Any CPU
	EndGlobalSection
	GlobalSection(SolutionProperties) = preSolution
		HideSolutionNode = FALSE
	EndGlobalSection
	GlobalSection(ExtensibilityGlobals) = postSolution
		SolutionGuid = {EB1ED30B-5C6D-4CC5-A3B1-278C3E322D92}
	EndGlobalSection
EndGlobal
