
Microsoft Visual Studio Solution File, Format Version 12.00
# Visual Studio Version 17
VisualStudioVersion = 17.3.32825.248
MinimumVisualStudioVersion = 10.0.40219.1
Project("{FAE04EC0-301F-11D3-BF4B-00C04F79EFBC}") = "Ejercicio06", "Ejercicio05\Ejercicio06.csproj", "{1309784C-5DDB-4C7B-A10D-551481727DDD}"
EndProject
Global
	GlobalSection(SolutionConfigurationPlatforms) = preSolution
		Debug|Any CPU = Debug|Any CPU
		Release|Any CPU = Release|Any CPU
	EndGlobalSection
	GlobalSection(ProjectConfigurationPlatforms) = postSolution
		{1309784C-5DDB-4C7B-A10D-551481727DDD}.Debug|Any CPU.ActiveCfg = Debug|Any CPU
		{1309784C-5DDB-4C7B-A10D-551481727DDD}.Debug|Any CPU.Build.0 = Debug|Any CPU
		{1309784C-5DDB-4C7B-A10D-551481727DDD}.Release|Any CPU.ActiveCfg = Release|Any CPU
		{1309784C-5DDB-4C7B-A10D-551481727DDD}.Release|Any CPU.Build.0 = Release|Any CPU
	EndGlobalSection
	GlobalSection(SolutionProperties) = preSolution
		HideSolutionNode = FALSE
	EndGlobalSection
	GlobalSection(ExtensibilityGlobals) = postSolution
		SolutionGuid = {51A010C8-2D84-4268-926C-E5DD6D2AC952}
	EndGlobalSection
EndGlobal
