
Microsoft Visual Studio Solution File, Format Version 12.00
# Visual Studio Version 17
VisualStudioVersion = 17.3.32825.248
MinimumVisualStudioVersion = 10.0.40219.1
Project("{FAE04EC0-301F-11D3-BF4B-00C04F79EFBC}") = "Lista", "Lista\Lista.csproj", "{70883861-5D8D-4B96-83B1-B83C28BE4DBA}"
EndProject
Global
	GlobalSection(SolutionConfigurationPlatforms) = preSolution
		Debug|Any CPU = Debug|Any CPU
		Release|Any CPU = Release|Any CPU
	EndGlobalSection
	GlobalSection(ProjectConfigurationPlatforms) = postSolution
		{70883861-5D8D-4B96-83B1-B83C28BE4DBA}.Debug|Any CPU.ActiveCfg = Debug|Any CPU
		{70883861-5D8D-4B96-83B1-B83C28BE4DBA}.Debug|Any CPU.Build.0 = Debug|Any CPU
		{70883861-5D8D-4B96-83B1-B83C28BE4DBA}.Release|Any CPU.ActiveCfg = Release|Any CPU
		{70883861-5D8D-4B96-83B1-B83C28BE4DBA}.Release|Any CPU.Build.0 = Release|Any CPU
	EndGlobalSection
	GlobalSection(SolutionProperties) = preSolution
		HideSolutionNode = FALSE
	EndGlobalSection
	GlobalSection(ExtensibilityGlobals) = postSolution
		SolutionGuid = {AEF6006B-DD6A-4F99-BA80-AB0BB40B6283}
	EndGlobalSection
EndGlobal
