
Microsoft Visual Studio Solution File, Format Version 12.00
# Visual Studio Version 17
VisualStudioVersion = 17.3.32825.248
MinimumVisualStudioVersion = 10.0.40219.1
Project("{FAE04EC0-301F-11D3-BF4B-00C04F79EFBC}") = "Ejercicio23", "Ejercicio23\Ejercicio23.csproj", "{B8691BC0-2003-48A4-A52F-C82C38531B0B}"
EndProject
Global
	GlobalSection(SolutionConfigurationPlatforms) = preSolution
		Debug|Any CPU = Debug|Any CPU
		Release|Any CPU = Release|Any CPU
	EndGlobalSection
	GlobalSection(ProjectConfigurationPlatforms) = postSolution
		{B8691BC0-2003-48A4-A52F-C82C38531B0B}.Debug|Any CPU.ActiveCfg = Debug|Any CPU
		{B8691BC0-2003-48A4-A52F-C82C38531B0B}.Debug|Any CPU.Build.0 = Debug|Any CPU
		{B8691BC0-2003-48A4-A52F-C82C38531B0B}.Release|Any CPU.ActiveCfg = Release|Any CPU
		{B8691BC0-2003-48A4-A52F-C82C38531B0B}.Release|Any CPU.Build.0 = Release|Any CPU
	EndGlobalSection
	GlobalSection(SolutionProperties) = preSolution
		HideSolutionNode = FALSE
	EndGlobalSection
	GlobalSection(ExtensibilityGlobals) = postSolution
		SolutionGuid = {6A4D9AC9-2D17-4D84-88B3-4921DE9BB6A8}
	EndGlobalSection
EndGlobal
