
Microsoft Visual Studio Solution File, Format Version 12.00
# Visual Studio Version 17
VisualStudioVersion = 17.3.32825.248
MinimumVisualStudioVersion = 10.0.40219.1
Project("{FAE04EC0-301F-11D3-BF4B-00C04F79EFBC}") = "Ejercicio17", "Ejercicio17\Ejercicio17.csproj", "{BFE8897E-4235-41B8-99E1-F4BF249BFCCE}"
EndProject
Global
	GlobalSection(SolutionConfigurationPlatforms) = preSolution
		Debug|Any CPU = Debug|Any CPU
		Release|Any CPU = Release|Any CPU
	EndGlobalSection
	GlobalSection(ProjectConfigurationPlatforms) = postSolution
		{BFE8897E-4235-41B8-99E1-F4BF249BFCCE}.Debug|Any CPU.ActiveCfg = Debug|Any CPU
		{BFE8897E-4235-41B8-99E1-F4BF249BFCCE}.Debug|Any CPU.Build.0 = Debug|Any CPU
		{BFE8897E-4235-41B8-99E1-F4BF249BFCCE}.Release|Any CPU.ActiveCfg = Release|Any CPU
		{BFE8897E-4235-41B8-99E1-F4BF249BFCCE}.Release|Any CPU.Build.0 = Release|Any CPU
	EndGlobalSection
	GlobalSection(SolutionProperties) = preSolution
		HideSolutionNode = FALSE
	EndGlobalSection
	GlobalSection(ExtensibilityGlobals) = postSolution
		SolutionGuid = {3C63D064-F8A9-4379-8013-BA4092DE805A}
	EndGlobalSection
EndGlobal
