
Microsoft Visual Studio Solution File, Format Version 12.00
# Visual Studio Version 17
VisualStudioVersion = 17.7.34031.279
MinimumVisualStudioVersion = 10.0.40219.1
Project("{FAE04EC0-301F-11D3-BF4B-00C04F79EFBC}") = "Ejercicio10", "Ejercicio10\Ejercicio10.csproj", "{3C3F2C43-3E66-4430-8C0E-095F092AA4B0}"
EndProject
Global
	GlobalSection(SolutionConfigurationPlatforms) = preSolution
		Debug|Any CPU = Debug|Any CPU
		Release|Any CPU = Release|Any CPU
	EndGlobalSection
	GlobalSection(ProjectConfigurationPlatforms) = postSolution
		{3C3F2C43-3E66-4430-8C0E-095F092AA4B0}.Debug|Any CPU.ActiveCfg = Debug|Any CPU
		{3C3F2C43-3E66-4430-8C0E-095F092AA4B0}.Debug|Any CPU.Build.0 = Debug|Any CPU
		{3C3F2C43-3E66-4430-8C0E-095F092AA4B0}.Release|Any CPU.ActiveCfg = Release|Any CPU
		{3C3F2C43-3E66-4430-8C0E-095F092AA4B0}.Release|Any CPU.Build.0 = Release|Any CPU
	EndGlobalSection
	GlobalSection(SolutionProperties) = preSolution
		HideSolutionNode = FALSE
	EndGlobalSection
	GlobalSection(ExtensibilityGlobals) = postSolution
		SolutionGuid = {740CC233-B8FC-410D-AE50-49869419C947}
	EndGlobalSection
EndGlobal
