
Microsoft Visual Studio Solution File, Format Version 12.00
# Visual Studio Version 17
VisualStudioVersion = 17.7.34024.191
MinimumVisualStudioVersion = 10.0.40219.1
Project("{FAE04EC0-301F-11D3-BF4B-00C04F79EFBC}") = "Ejercicio04", "Ejercicio04\Ejercicio04.csproj", "{98DF3D7E-62CB-4D28-B24B-99B54A6B2E73}"
EndProject
Global
	GlobalSection(SolutionConfigurationPlatforms) = preSolution
		Debug|Any CPU = Debug|Any CPU
		Release|Any CPU = Release|Any CPU
	EndGlobalSection
	GlobalSection(ProjectConfigurationPlatforms) = postSolution
		{98DF3D7E-62CB-4D28-B24B-99B54A6B2E73}.Debug|Any CPU.ActiveCfg = Debug|Any CPU
		{98DF3D7E-62CB-4D28-B24B-99B54A6B2E73}.Debug|Any CPU.Build.0 = Debug|Any CPU
		{98DF3D7E-62CB-4D28-B24B-99B54A6B2E73}.Release|Any CPU.ActiveCfg = Release|Any CPU
		{98DF3D7E-62CB-4D28-B24B-99B54A6B2E73}.Release|Any CPU.Build.0 = Release|Any CPU
	EndGlobalSection
	GlobalSection(SolutionProperties) = preSolution
		HideSolutionNode = FALSE
	EndGlobalSection
	GlobalSection(ExtensibilityGlobals) = postSolution
		SolutionGuid = {618E80E4-C3F7-4E3C-9719-11C6960FEDE8}
	EndGlobalSection
EndGlobal
